
Microsoft Visual Studio Solution File, Format Version 12.00
# Visual Studio Version 17
VisualStudioVersion = 17.4.33122.133
MinimumVisualStudioVersion = 10.0.40219.1
Project("{FAE04EC0-301F-11D3-BF4B-00C04F79EFBC}") = "StartList", "StartList\StartList.csproj", "{1BF36B77-C1BA-44D0-8A92-C6F86D43590E}"
EndProject
Global
	GlobalSection(SolutionConfigurationPlatforms) = preSolution
		Debug|Any CPU = Debug|Any CPU
		Release|Any CPU = Release|Any CPU
	EndGlobalSection
	GlobalSection(ProjectConfigurationPlatforms) = postSolution
		{1BF36B77-C1BA-44D0-8A92-C6F86D43590E}.Debug|Any CPU.ActiveCfg = Debug|Any CPU
		{1BF36B77-C1BA-44D0-8A92-C6F86D43590E}.Debug|Any CPU.Build.0 = Debug|Any CPU
		{1BF36B77-C1BA-44D0-8A92-C6F86D43590E}.Release|Any CPU.ActiveCfg = Release|Any CPU
		{1BF36B77-C1BA-44D0-8A92-C6F86D43590E}.Release|Any CPU.Build.0 = Release|Any CPU
	EndGlobalSection
	GlobalSection(SolutionProperties) = preSolution
		HideSolutionNode = FALSE
	EndGlobalSection
	GlobalSection(ExtensibilityGlobals) = postSolution
		SolutionGuid = {82B7E8A8-00E6-4506-B193-8CA03A8261EB}
	EndGlobalSection
EndGlobal
